
Microsoft Visual Studio Solution File, Format Version 12.00
# Visual Studio Version 16
VisualStudioVersion = 16.0.32228.343
MinimumVisualStudioVersion = 10.0.40219.1
Project("{FAE04EC0-301F-11D3-BF4B-00C04F79EFBC}") = "ProcessStart", "ProcessStart\ProcessStart.csproj", "{4D623206-708E-45EF-B52A-04F51C911AA5}"
EndProject
Global
	GlobalSection(SolutionConfigurationPlatforms) = preSolution
		Debug|Any CPU = Debug|Any CPU
		Debug|x64 = Debug|x64
		Release|Any CPU = Release|Any CPU
		Release|x64 = Release|x64
	EndGlobalSection
	GlobalSection(ProjectConfigurationPlatforms) = postSolution
		{4D623206-708E-45EF-B52A-04F51C911AA5}.Debug|Any CPU.ActiveCfg = Debug|Any CPU
		{4D623206-708E-45EF-B52A-04F51C911AA5}.Debug|Any CPU.Build.0 = Debug|Any CPU
		{4D623206-708E-45EF-B52A-04F51C911AA5}.Debug|x64.ActiveCfg = Debug|x64
		{4D623206-708E-45EF-B52A-04F51C911AA5}.Debug|x64.Build.0 = Debug|x64
		{4D623206-708E-45EF-B52A-04F51C911AA5}.Release|Any CPU.ActiveCfg = Release|Any CPU
		{4D623206-708E-45EF-B52A-04F51C911AA5}.Release|Any CPU.Build.0 = Release|Any CPU
		{4D623206-708E-45EF-B52A-04F51C911AA5}.Release|x64.ActiveCfg = Release|x64
		{4D623206-708E-45EF-B52A-04F51C911AA5}.Release|x64.Build.0 = Release|x64
	EndGlobalSection
	GlobalSection(SolutionProperties) = preSolution
		HideSolutionNode = FALSE
	EndGlobalSection
	GlobalSection(ExtensibilityGlobals) = postSolution
		SolutionGuid = {0A172B58-AEAC-491C-BE9C-DDF5F033660B}
	EndGlobalSection
EndGlobal
